
Microsoft Visual Studio Solution File, Format Version 12.00
# Visual Studio Version 17
VisualStudioVersion = 17.0.31903.59
MinimumVisualStudioVersion = 10.0.40219.1
Project("{2150E333-8FDC-42A3-9474-1A3956D46DE8}") = "src", "src", "{827E0CD3-B72D-47B6-A68D-7590B98EB39B}"
EndProject
Project("{FAE04EC0-301F-11D3-BF4B-00C04F79EFBC}") = "EntityApi.API", "src\EntityApi.API\EntityApi.API.csproj", "{17F733A9-D424-4A2C-AE9A-5C4DBA8BBA8F}"
EndProject
Project("{FAE04EC0-301F-11D3-BF4B-00C04F79EFBC}") = "EntityApi.Core", "src\EntityApi.Core\EntityApi.Core.csproj", "{6E6AA156-5D3D-4442-9D72-C900A7541173}"
EndProject
Project("{FAE04EC0-301F-11D3-BF4B-00C04F79EFBC}") = "EntityApi.Data", "src\EntityApi.Data\EntityApi.Data.csproj", "{4578DCE1-74E1-4D3B-B5EA-4BE0245AECA7}"
EndProject
Project("{2150E333-8FDC-42A3-9474-1A3956D46DE8}") = "tests", "tests", "{0AB3BF05-4346-4AA6-1389-037BE0695223}"
EndProject
Project("{FAE04EC0-301F-11D3-BF4B-00C04F79EFBC}") = "EntityApi.Tests", "tests\EntityApi.Tests\EntityApi.Tests.csproj", "{8CEB3EB0-0496-4675-B831-AD67CA9BFCAE}"
EndProject
Global
	GlobalSection(SolutionConfigurationPlatforms) = preSolution
		Debug|Any CPU = Debug|Any CPU
		Debug|x64 = Debug|x64
		Debug|x86 = Debug|x86
		Release|Any CPU = Release|Any CPU
		Release|x64 = Release|x64
		Release|x86 = Release|x86
	EndGlobalSection
	GlobalSection(ProjectConfigurationPlatforms) = postSolution
		{17F733A9-D424-4A2C-AE9A-5C4DBA8BBA8F}.Debug|Any CPU.ActiveCfg = Debug|Any CPU
		{17F733A9-D424-4A2C-AE9A-5C4DBA8BBA8F}.Debug|Any CPU.Build.0 = Debug|Any CPU
		{17F733A9-D424-4A2C-AE9A-5C4DBA8BBA8F}.Debug|x64.ActiveCfg = Debug|Any CPU
		{17F733A9-D424-4A2C-AE9A-5C4DBA8BBA8F}.Debug|x64.Build.0 = Debug|Any CPU
		{17F733A9-D424-4A2C-AE9A-5C4DBA8BBA8F}.Debug|x86.ActiveCfg = Debug|Any CPU
		{17F733A9-D424-4A2C-AE9A-5C4DBA8BBA8F}.Debug|x86.Build.0 = Debug|Any CPU
		{17F733A9-D424-4A2C-AE9A-5C4DBA8BBA8F}.Release|Any CPU.ActiveCfg = Release|Any CPU
		{17F733A9-D424-4A2C-AE9A-5C4DBA8BBA8F}.Release|Any CPU.Build.0 = Release|Any CPU
		{17F733A9-D424-4A2C-AE9A-5C4DBA8BBA8F}.Release|x64.ActiveCfg = Release|Any CPU
		{17F733A9-D424-4A2C-AE9A-5C4DBA8BBA8F}.Release|x64.Build.0 = Release|Any CPU
		{17F733A9-D424-4A2C-AE9A-5C4DBA8BBA8F}.Release|x86.ActiveCfg = Release|Any CPU
		{17F733A9-D424-4A2C-AE9A-5C4DBA8BBA8F}.Release|x86.Build.0 = Release|Any CPU
		{6E6AA156-5D3D-4442-9D72-C900A7541173}.Debug|Any CPU.ActiveCfg = Debug|Any CPU
		{6E6AA156-5D3D-4442-9D72-C900A7541173}.Debug|Any CPU.Build.0 = Debug|Any CPU
		{6E6AA156-5D3D-4442-9D72-C900A7541173}.Debug|x64.ActiveCfg = Debug|Any CPU
		{6E6AA156-5D3D-4442-9D72-C900A7541173}.Debug|x64.Build.0 = Debug|Any CPU
		{6E6AA156-5D3D-4442-9D72-C900A7541173}.Debug|x86.ActiveCfg = Debug|Any CPU
		{6E6AA156-5D3D-4442-9D72-C900A7541173}.Debug|x86.Build.0 = Debug|Any CPU
		{6E6AA156-5D3D-4442-9D72-C900A7541173}.Release|Any CPU.ActiveCfg = Release|Any CPU
		{6E6AA156-5D3D-4442-9D72-C900A7541173}.Release|Any CPU.Build.0 = Release|Any CPU
		{6E6AA156-5D3D-4442-9D72-C900A7541173}.Release|x64.ActiveCfg = Release|Any CPU
		{6E6AA156-5D3D-4442-9D72-C900A7541173}.Release|x64.Build.0 = Release|Any CPU
		{6E6AA156-5D3D-4442-9D72-C900A7541173}.Release|x86.ActiveCfg = Release|Any CPU
		{6E6AA156-5D3D-4442-9D72-C900A7541173}.Release|x86.Build.0 = Release|Any CPU
		{4578DCE1-74E1-4D3B-B5EA-4BE0245AECA7}.Debug|Any CPU.ActiveCfg = Debug|Any CPU
		{4578DCE1-74E1-4D3B-B5EA-4BE0245AECA7}.Debug|Any CPU.Build.0 = Debug|Any CPU
		{4578DCE1-74E1-4D3B-B5EA-4BE0245AECA7}.Debug|x64.ActiveCfg = Debug|Any CPU
		{4578DCE1-74E1-4D3B-B5EA-4BE0245AECA7}.Debug|x64.Build.0 = Debug|Any CPU
		{4578DCE1-74E1-4D3B-B5EA-4BE0245AECA7}.Debug|x86.ActiveCfg = Debug|Any CPU
		{4578DCE1-74E1-4D3B-B5EA-4BE0245AECA7}.Debug|x86.Build.0 = Debug|Any CPU
		{4578DCE1-74E1-4D3B-B5EA-4BE0245AECA7}.Release|Any CPU.ActiveCfg = Release|Any CPU
		{4578DCE1-74E1-4D3B-B5EA-4BE0245AECA7}.Release|Any CPU.Build.0 = Release|Any CPU
		{4578DCE1-74E1-4D3B-B5EA-4BE0245AECA7}.Release|x64.ActiveCfg = Release|Any CPU
		{4578DCE1-74E1-4D3B-B5EA-4BE0245AECA7}.Release|x64.Build.0 = Release|Any CPU
		{4578DCE1-74E1-4D3B-B5EA-4BE0245AECA7}.Release|x86.ActiveCfg = Release|Any CPU
		{4578DCE1-74E1-4D3B-B5EA-4BE0245AECA7}.Release|x86.Build.0 = Release|Any CPU
		{8CEB3EB0-0496-4675-B831-AD67CA9BFCAE}.Debug|Any CPU.ActiveCfg = Debug|Any CPU
		{8CEB3EB0-0496-4675-B831-AD67CA9BFCAE}.Debug|Any CPU.Build.0 = Debug|Any CPU
		{8CEB3EB0-0496-4675-B831-AD67CA9BFCAE}.Debug|x64.ActiveCfg = Debug|Any CPU
		{8CEB3EB0-0496-4675-B831-AD67CA9BFCAE}.Debug|x64.Build.0 = Debug|Any CPU
		{8CEB3EB0-0496-4675-B831-AD67CA9BFCAE}.Debug|x86.ActiveCfg = Debug|Any CPU
		{8CEB3EB0-0496-4675-B831-AD67CA9BFCAE}.Debug|x86.Build.0 = Debug|Any CPU
		{8CEB3EB0-0496-4675-B831-AD67CA9BFCAE}.Release|Any CPU.ActiveCfg = Release|Any CPU
		{8CEB3EB0-0496-4675-B831-AD67CA9BFCAE}.Release|Any CPU.Build.0 = Release|Any CPU
		{8CEB3EB0-0496-4675-B831-AD67CA9BFCAE}.Release|x64.ActiveCfg = Release|Any CPU
		{8CEB3EB0-0496-4675-B831-AD67CA9BFCAE}.Release|x64.Build.0 = Release|Any CPU
		{8CEB3EB0-0496-4675-B831-AD67CA9BFCAE}.Release|x86.ActiveCfg = Release|Any CPU
		{8CEB3EB0-0496-4675-B831-AD67CA9BFCAE}.Release|x86.Build.0 = Release|Any CPU
	EndGlobalSection
	GlobalSection(SolutionProperties) = preSolution
		HideSolutionNode = FALSE
	EndGlobalSection
	GlobalSection(NestedProjects) = preSolution
		{17F733A9-D424-4A2C-AE9A-5C4DBA8BBA8F} = {827E0CD3-B72D-47B6-A68D-7590B98EB39B}
		{6E6AA156-5D3D-4442-9D72-C900A7541173} = {827E0CD3-B72D-47B6-A68D-7590B98EB39B}
		{4578DCE1-74E1-4D3B-B5EA-4BE0245AECA7} = {827E0CD3-B72D-47B6-A68D-7590B98EB39B}
		{8CEB3EB0-0496-4675-B831-AD67CA9BFCAE} = {0AB3BF05-4346-4AA6-1389-037BE0695223}
	EndGlobalSection
EndGlobal
